{
  "name": "meu-programa",
  "version": "1.0.0",
  "lockfileVersion": 3,
  "requires": true,
  "packages": {
    "": {
      "name": "meu-programa",
      "version": "1.0.0",
      "license": "ISC",
      "dependencies": {
        "mat": "^1.0.0"
      },
      "devDependencies": {}
    },
    "node_modules/mat": {
      "version": "1.0.0",
      "resolved": "file:../mat",
      "license": "ISC"
    }
  }
}
